SITE
  remote: http://community.opscode.com/api/v1
  specs:
    apache2 (1.0.8)
    apt (1.2.2)
    build-essential (1.0.0)
    cron (0.0.1)
    daemontools (0.9.0)
      build-essential (>= 0)
      ucspi-tcp (>= 0)
    emacs (0.8.2)
    firewall (0.8.0)
    gems (0.8.3)
      apache2 (>= 0)
      rsync (>= 0)
    git (0.10.0)
      runit (>= 0.0.0)
      yum (>= 0.0.0)
    god (1.0.0)
      runit (>= 0.0.0)
    imagemagick (0.2.2)
    iptables (0.9.3)
    java (1.1.0)
      apt (>= 0)
    jenkins (0.6.0)
      java (>= 0.0.0)
      runit (>= 0.0.0)
    jpackage (0.10.0)
      java (>= 0)
    logrotate (0.8.2)
    memcached (0.10.4)
      runit (>= 0)
    mercurial (0.7.0)
    mysql (1.2.2)
      openssl (>= 0.0.0)
    nginx (0.99.2)
      build-essential (>= 0.0.0)
      runit (>= 0.0.0)
    openssl (1.0.0)
    perl (0.10.0)
    php (1.0.0)
      build-essential (>= 0.0.0)
      mysql (>= 0.0.0)
      xml (>= 0.0.0)
    postfix (0.8.4)
    rsync (0.7.0)
    rsyslog (1.0.0)
      cron (>= 0.0.0)
    runit (0.14.2)
    sqlite (0.7.0)
    ssh_known_hosts (0.4.0)
    tomcat (0.10.3)
      java (>= 0)
      jpackage (>= 0)
    ubuntu (0.99.0)
      apt (>= 0)
    ucspi-tcp (1.0.0)
      build-essential (>= 0)
    ufw (0.6.1)
      firewall (>= 0.8)
    users (1.0.0)
    varnish (0.7.0)
    vim (1.0.2)
    xml (1.0.0)
    yum (0.5.2)

GIT
  remote: https://github.com/fnichol/chef-user
  ref: v0.2.6
  sha: a66748e8320258cf4a49da1af0a7babc322fdf8f
  specs:
    user (0.2.6)

PATH
  remote: cookbooks-sources
  specs:
    utility (1.0.0)

DEPENDENCIES
  apache2 (>= 0)
  apt (>= 0)
  build-essential (>= 0)
  cron (>= 0)
  daemontools (>= 0)
  emacs (>= 0)
  gems (>= 0)
  git (>= 0)
  god (>= 0)
  imagemagick (>= 0)
  iptables (>= 0)
  java (>= 0)
  jenkins (>= 0)
  logrotate (>= 0)
  memcached (>= 0)
  mercurial (>= 0)
  mysql (>= 0)
  nginx (>= 0)
  perl (>= 0)
  php (>= 0)
  postfix (>= 0)
  rsync (>= 0)
  rsyslog (>= 0)
  runit (>= 0)
  sqlite (>= 0)
  ssh_known_hosts (>= 0)
  tomcat (>= 0)
  ubuntu (>= 0)
  ucspi-tcp (>= 0)
  ufw (>= 0)
  user (>= 0)
  users (>= 0)
  utility (>= 0)
  varnish (>= 0)
  vim (>= 0)

